
Microsoft Visual Studio Solution File, Format Version 12.00
# Visual Studio Version 17
VisualStudioVersion = 17.6.33815.320
MinimumVisualStudioVersion = 10.0.40219.1
Project("{FAE04EC0-301F-11D3-BF4B-00C04F79EFBC}") = "InventoryManagement", "InventoryManagement.csproj", "{629AFC71-82C3-4315-9B9D-0D21F10B8777}"
EndProject
Global
	GlobalSection(SolutionConfigurationPlatforms) = preSolution
		Debug|Any CPU = Debug|Any CPU
		Release|Any CPU = Release|Any CPU
	EndGlobalSection
	GlobalSection(ProjectConfigurationPlatforms) = postSolution
		{629AFC71-82C3-4315-9B9D-0D21F10B8777}.Debug|Any CPU.ActiveCfg = Debug|Any CPU
		{629AFC71-82C3-4315-9B9D-0D21F10B8777}.Debug|Any CPU.Build.0 = Debug|Any CPU
		{629AFC71-82C3-4315-9B9D-0D21F10B8777}.Release|Any CPU.ActiveCfg = Release|Any CPU
		{629AFC71-82C3-4315-9B9D-0D21F10B8777}.Release|Any CPU.Build.0 = Release|Any CPU
	EndGlobalSection
	GlobalSection(SolutionProperties) = preSolution
		HideSolutionNode = FALSE
	EndGlobalSection
	GlobalSection(ExtensibilityGlobals) = postSolution
		SolutionGuid = {9A1ACFCF-5237-47D1-891E-2729672F683C}
	EndGlobalSection
EndGlobal
